// !$*UTF8*$!
{
	archiveVersion = 1;
	classes = {
	};
	objectVersion = 56;
	objects = {

/* Begin PBXBuildFile section */
		CF95EAA12B479F9C006D7412 /* CertificationApp.swift in Sources */ = {isa = PBXBuildFile; fileRef = CF95EAA02B479F9C006D7412 /* CertificationApp.swift */; };
		CF95EAA32B479F9C006D7412 /* ContentView.swift in Sources */ = {isa = PBXBuildFile; fileRef = CF95EAA22B479F9C006D7412 /* ContentView.swift */; };
		CF95EAA52B479F9D006D7412 /* Assets.xcassets in Resources */ = {isa = PBXBuildFile; fileRef = CF95EAA42B479F9D006D7412 /* Assets.xcassets */; };
		CF95EAA82B479F9D006D7412 /* Preview Assets.xcassets in Resources */ = {isa = PBXBuildFile; fileRef = CF95EAA72B479F9D006D7412 /* Preview Assets.xcassets */; };
		CF95EAB22B479F9D006D7412 /* CertificationTests.swift in Sources */ = {isa = PBXBuildFile; fileRef = CF95EAB12B479F9D006D7412 /* CertificationTests.swift */; };
		CF95EABC2B479F9D006D7412 /* CertificationUITests.swift in Sources */ = {isa = PBXBuildFile; fileRef = CF95EABB2B479F9D006D7412 /* CertificationUITests.swift */; };
		CF95EABE2B479F9D006D7412 /* CertificationUITestsLaunchTests.swift in Sources */ = {isa = PBXBuildFile; fileRef = CF95EABD2B479F9D006D7412 /* CertificationUITestsLaunchTests.swift */; };
/* End PBXBuildFile section */

/* Begin PBXContainerItemProxy section */
		CF95EAAE2B479F9D006D7412 /* PBXContainerItemProxy */ = {
			isa = PBXContainerItemProxy;
			containerPortal = CF95EA952B479F9C006D7412 /* Project object */;
			proxyType = 1;
			remoteGlobalIDString = CF95EA9C2B479F9C006D7412;
			remoteInfo = Certification;
		};
		CF95EAB82B479F9D006D7412 /* PBXContainerItemProxy */ = {
			isa = PBXContainerItemProxy;
			containerPortal = CF95EA952B479F9C006D7412 /* Project object */;
			proxyType = 1;
			remoteGlobalIDString = CF95EA9C2B479F9C006D7412;
			remoteInfo = Certification;
		};
/* End PBXContainerItemProxy section */

/* Begin PBXFileReference section */
		CF95EA9D2B479F9C006D7412 /* Certification.app */ = {isa = PBXFileReference; explicitFileType = wrapper.application; includeInIndex = 0; path = Certification.app; sourceTree = BUILT_PRODUCTS_DIR; };
		CF95EAA02B479F9C006D7412 /* CertificationApp.swift */ = {isa = PBXFileReference; lastKnownFileType = sourcecode.swift; path = CertificationApp.swift; sourceTree = "<group>"; };
		CF95EAA22B479F9C006D7412 /* ContentView.swift */ = {isa = PBXFileReference; lastKnownFileType = sourcecode.swift; path = ContentView.swift; sourceTree = "<group>"; };
		CF95EAA42B479F9D006D7412 /* Assets.xcassets */ = {isa = PBXFileReference; lastKnownFileType = folder.assetcatalog; path = Assets.xcassets; sourceTree = "<group>"; };
		CF95EAA72B479F9D006D7412 /* Preview Assets.xcassets */ = {isa = PBXFileReference; lastKnownFileType = folder.assetcatalog; path = "Preview Assets.xcassets"; sourceTree = "<group>"; };
		CF95EAAD2B479F9D006D7412 /* CertificationTests.xctest */ = {isa = PBXFileReference; explicitFileType = wrapper.cfbundle; includeInIndex = 0; path = CertificationTests.xctest; sourceTree = BUILT_PRODUCTS_DIR; };
		CF95EAB12B479F9D006D7412 /* CertificationTests.swift */ = {isa = PBXFileReference; lastKnownFileType = sourcecode.swift; path = CertificationTests.swift; sourceTree = "<group>"; };
		CF95EAB72B479F9D006D7412 /* CertificationUITests.xctest */ = {isa = PBXFileReference; explicitFileType = wrapper.cfbundle; includeInIndex = 0; path = CertificationUITests.xctest; sourceTree = BUILT_PRODUCTS_DIR; };
		CF95EABB2B479F9D006D7412 /* CertificationUITests.swift */ = {isa = PBXFileReference; lastKnownFileType = sourcecode.swift; path = CertificationUITests.swift; sourceTree = "<group>"; };
		CF95EABD2B479F9D006D7412 /* CertificationUITestsLaunchTests.swift */ = {isa = PBXFileReference; lastKnownFileType = sourcecode.swift; path = CertificationUITestsLaunchTests.swift; sourceTree = "<group>"; };
/* End PBXFileReference section */

/* Begin PBXFrameworksBuildPhase section */
		CF95EA9A2B479F9C006D7412 /* Frameworks */ = {
			isa = PBXFrameworksBuildPhase;
			buildActionMask = 2147483647;
			files = (
			);
			runOnlyForDeploymentPostprocessing = 0;
		};
		CF95EAAA2B479F9D006D7412 /* Frameworks */ = {
			isa = PBXFrameworksBuildPhase;
			buildActionMask = 2147483647;
			files = (
			);
			runOnlyForDeploymentPostprocessing = 0;
		};
		CF95EAB42B479F9D006D7412 /* Frameworks */ = {
			isa = PBXFrameworksBuildPhase;
			buildActionMask = 2147483647;
			files = (
			);
			runOnlyForDeploymentPostprocessing = 0;
		};
/* End PBXFrameworksBuildPhase section */

/* Begin PBXGroup section */
		CF95EA942B479F9C006D7412 = {
			isa = PBXGroup;
			children = (
				CF95EA9F2B479F9C006D7412 /* Certification */,
				CF95EAB02B479F9D006D7412 /* CertificationTests */,
				CF95EABA2B479F9D006D7412 /* CertificationUITests */,
				CF95EA9E2B479F9C006D7412 /* Products */,
			);
			sourceTree = "<group>";
		};
		CF95EA9E2B479F9C006D7412 /* Products */ = {
			isa = PBXGroup;
			children = (
				CF95EA9D2B479F9C006D7412 /* Certification.app */,
				CF95EAAD2B479F9D006D7412 /* CertificationTests.xctest */,
				CF95EAB72B479F9D006D7412 /* CertificationUITests.xctest */,
			);
			name = Products;
			sourceTree = "<group>";
		};
		CF95EA9F2B479F9C006D7412 /* Certification */ = {
			isa = PBXGroup;
			children = (
				CF95EAA02B479F9C006D7412 /* CertificationApp.swift */,
				CF95EAA22B479F9C006D7412 /* ContentView.swift */,
				CF95EAA42B479F9D006D7412 /* Assets.xcassets */,
				CF95EAA62B479F9D006D7412 /* Preview Content */,
			);
			path = Certification;
			sourceTree = "<group>";
		};
		CF95EAA62B479F9D006D7412 /* Preview Content */ = {
			isa = PBXGroup;
			children = (
				CF95EAA72B479F9D006D7412 /* Preview Assets.xcassets */,
			);
			path = "Preview Content";
			sourceTree = "<group>";
		};
		CF95EAB02B479F9D006D7412 /* CertificationTests */ = {
			isa = PBXGroup;
			children = (
				CF95EAB12B479F9D006D7412 /* CertificationTests.swift */,
			);
			path = CertificationTests;
			sourceTree = "<group>";
		};
		CF95EABA2B479F9D006D7412 /* CertificationUITests */ = {
			isa = PBXGroup;
			children = (
				CF95EABB2B479F9D006D7412 /* CertificationUITests.swift */,
				CF95EABD2B479F9D006D7412 /* CertificationUITestsLaunchTests.swift */,
			);
			path = CertificationUITests;
			sourceTree = "<group>";
		};
/* End PBXGroup section */

/* Begin PBXNativeTarget section */
		CF95EA9C2B479F9C006D7412 /* Certification */ = {
			isa = PBXNativeTarget;
			buildConfigurationList = CF95EAC12B479F9D006D7412 /* Build configuration list for PBXNativeTarget "Certification" */;
			buildPhases = (
				CF95EA992B479F9C006D7412 /* Sources */,
				CF95EA9A2B479F9C006D7412 /* Frameworks */,
				CF95EA9B2B479F9C006D7412 /* Resources */,
			);
			buildRules = (
			);
			dependencies = (
			);
			name = Certification;
			productName = Certification;
			productReference = CF95EA9D2B479F9C006D7412 /* Certification.app */;
			productType = "com.apple.product-type.application";
		};
		CF95EAAC2B479F9D006D7412 /* CertificationTests */ = {
			isa = PBXNativeTarget;
			buildConfigurationList = CF95EAC42B479F9D006D7412 /* Build configuration list for PBXNativeTarget "CertificationTests" */;
			buildPhases = (
				CF95EAA92B479F9D006D7412 /* Sources */,
				CF95EAAA2B479F9D006D7412 /* Frameworks */,
				CF95EAAB2B479F9D006D7412 /* Resources */,
			);
			buildRules = (
			);
			dependencies = (
				CF95EAAF2B479F9D006D7412 /* PBXTargetDependency */,
			);
			name = CertificationTests;
			productName = CertificationTests;
			productReference = CF95EAAD2B479F9D006D7412 /* CertificationTests.xctest */;
			productType = "com.apple.product-type.bundle.unit-test";
		};
		CF95EAB62B479F9D006D7412 /* CertificationUITests */ = {
			isa = PBXNativeTarget;
			buildConfigurationList = CF95EAC72B479F9D006D7412 /* Build configuration list for PBXNativeTarget "CertificationUITests" */;
			buildPhases = (
				CF95EAB32B479F9D006D7412 /* Sources */,
				CF95EAB42B479F9D006D7412 /* Frameworks */,
				CF95EAB52B479F9D006D7412 /* Resources */,
			);
			buildRules = (
			);
			dependencies = (
				CF95EAB92B479F9D006D7412 /* PBXTargetDependency */,
			);
			name = CertificationUITests;
			productName = CertificationUITests;
			productReference = CF95EAB72B479F9D006D7412 /* CertificationUITests.xctest */;
			productType = "com.apple.product-type.bundle.ui-testing";
		};
/* End PBXNativeTarget section */

/* Begin PBXProject section */
		CF95EA952B479F9C006D7412 /* Project object */ = {
			isa = PBXProject;
			attributes = {
				BuildIndependentTargetsInParallel = 1;
				LastSwiftUpdateCheck = 1500;
				LastUpgradeCheck = 1500;
				TargetAttributes = {
					CF95EA9C2B479F9C006D7412 = {
						CreatedOnToolsVersion = 15.0.1;
					};
					CF95EAAC2B479F9D006D7412 = {
						CreatedOnToolsVersion = 15.0.1;
						TestTargetID = CF95EA9C2B479F9C006D7412;
					};
					CF95EAB62B479F9D006D7412 = {
						CreatedOnToolsVersion = 15.0.1;
						TestTargetID = CF95EA9C2B479F9C006D7412;
					};
				};
			};
			buildConfigurationList = CF95EA982B479F9C006D7412 /* Build configuration list for PBXProject "Certification" */;
			compatibilityVersion = "Xcode 14.0";
			developmentRegion = en;
			hasScannedForEncodings = 0;
			knownRegions = (
				en,
				Base,
			);
			mainGroup = CF95EA942B479F9C006D7412;
			productRefGroup = CF95EA9E2B479F9C006D7412 /* Products */;
			projectDirPath = "";
			projectRoot = "";
			targets = (
				CF95EA9C2B479F9C006D7412 /* Certification */,
				CF95EAAC2B479F9D006D7412 /* CertificationTests */,
				CF95EAB62B479F9D006D7412 /* CertificationUITests */,
			);
		};
/* End PBXProject section */

/* Begin PBXResourcesBuildPhase section */
		CF95EA9B2B479F9C006D7412 /* Resources */ = {
			isa = PBXResourcesBuildPhase;
			buildActionMask = 2147483647;
			files = (
				CF95EAA82B479F9D006D7412 /* Preview Assets.xcassets in Resources */,
				CF95EAA52B479F9D006D7412 /* Assets.xcassets in Resources */,
			);
			runOnlyForDeploymentPostprocessing = 0;
		};
		CF95EAAB2B479F9D006D7412 /* Resources */ = {
			isa = PBXResourcesBuildPhase;
			buildActionMask = 2147483647;
			files = (
			);
			runOnlyForDeploymentPostprocessing = 0;
		};
		CF95EAB52B479F9D006D7412 /* Resources */ = {
			isa = PBXResourcesBuildPhase;
			buildActionMask = 2147483647;
			files = (
			);
			runOnlyForDeploymentPostprocessing = 0;
		};
/* End PBXResourcesBuildPhase section */

/* Begin PBXSourcesBuildPhase section */
		CF95EA992B479F9C006D7412 /* Sources */ = {
			isa = PBXSourcesBuildPhase;
			buildActionMask = 2147483647;
			files = (
				CF95EAA32B479F9C006D7412 /* ContentView.swift in Sources */,
				CF95EAA12B479F9C006D7412 /* CertificationApp.swift in Sources */,
			);
			runOnlyForDeploymentPostprocessing = 0;
		};
		CF95EAA92B479F9D006D7412 /* Sources */ = {
			isa = PBXSourcesBuildPhase;
			buildActionMask = 2147483647;
			files = (
				CF95EAB22B479F9D006D7412 /* CertificationTests.swift in Sources */,
			);
			runOnlyForDeploymentPostprocessing = 0;
		};
		CF95EAB32B479F9D006D7412 /* Sources */ = {
			isa = PBXSourcesBuildPhase;
			buildActionMask = 2147483647;
			files = (
				CF95EABC2B479F9D006D7412 /* CertificationUITests.swift in Sources */,
				CF95EABE2B479F9D006D7412 /* CertificationUITestsLaunchTests.swift in Sources */,
			);
			runOnlyForDeploymentPostprocessing = 0;
		};
/* End PBXSourcesBuildPhase section */

/* Begin PBXTargetDependency section */
		CF95EAAF2B479F9D006D7412 /* PBXTargetDependency */ = {
			isa = PBXTargetDependency;
			target = CF95EA9C2B479F9C006D7412 /* Certification */;
			targetProxy = CF95EAAE2B479F9D006D7412 /* PBXContainerItemProxy */;
		};
		CF95EAB92B479F9D006D7412 /* PBXTargetDependency */ = {
			isa = PBXTargetDependency;
			target = CF95EA9C2B479F9C006D7412 /* Certification */;
			targetProxy = CF95EAB82B479F9D006D7412 /* PBXContainerItemProxy */;
		};
/* End PBXTargetDependency section */

/* Begin XCBuildConfiguration section */
		CF95EABF2B479F9D006D7412 /* Debug */ = {
			isa = XCBuildConfiguration;
			buildSettings = {
				ALWAYS_SEARCH_USER_PATHS = NO;
				ASSETCATALOG_COMPILER_GENERATE_SWIFT_ASSET_SYMBOL_EXTENSIONS = YES;
				CLANG_ANALYZER_NONNULL = YES;
				CLANG_ANALYZER_NUMBER_OBJECT_CONVERSION = YES_AGGRESSIVE;
				CLANG_CXX_LANGUAGE_STANDARD = "gnu++20";
				CLANG_ENABLE_MODULES = YES;
				CLANG_ENABLE_OBJC_ARC = YES;
				CLANG_ENABLE_OBJC_WEAK = YES;
				CLANG_WARN_BLOCK_CAPTURE_AUTORELEASING = YES;
				CLANG_WARN_BOOL_CONVERSION = YES;
				CLANG_WARN_COMMA = YES;
				CLANG_WARN_CONSTANT_CONVERSION = YES;
				CLANG_WARN_DEPRECATED_OBJC_IMPLEMENTATIONS = YES;
				CLANG_WARN_DIRECT_OBJC_ISA_USAGE = YES_ERROR;
				CLANG_WARN_DOCUMENTATION_COMMENTS = YES;
				CLANG_WARN_EMPTY_BODY = YES;
				CLANG_WARN_ENUM_CONVERSION = YES;
				CLANG_WARN_INFINITE_RECURSION = YES;
				CLANG_WARN_INT_CONVERSION = YES;
				CLANG_WARN_NON_LITERAL_NULL_CONVERSION = YES;
				CLANG_WARN_OBJC_IMPLICIT_RETAIN_SELF = YES;
				CLANG_WARN_OBJC_LITERAL_CONVERSION = YES;
				CLANG_WARN_OBJC_ROOT_CLASS = YES_ERROR;
				CLANG_WARN_QUOTED_INCLUDE_IN_FRAMEWORK_HEADER = YES;
				CLANG_WARN_RANGE_LOOP_ANALYSIS = YES;
				CLANG_WARN_STRICT_PROTOTYPES = YES;
				CLANG_WARN_SUSPICIOUS_MOVE = YES;
				CLANG_WARN_UNGUARDED_AVAILABILITY = YES_AGGRESSIVE;
				CLANG_WARN_UNREACHABLE_CODE = YES;
				CLANG_WARN__DUPLICATE_METHOD_MATCH = YES;
				COPY_PHASE_STRIP = NO;
				DEBUG_INFORMATION_FORMAT = dwarf;
				ENABLE_STRICT_OBJC_MSGSEND = YES;
				ENABLE_TESTABILITY = YES;
				ENABLE_USER_SCRIPT_SANDBOXING = YES;
				GCC_C_LANGUAGE_STANDARD = gnu17;
				GCC_DYNAMIC_NO_PIC = NO;
				GCC_NO_COMMON_BLOCKS = YES;
				GCC_OPTIMIZATION_LEVEL = 0;
				GCC_PREPROCESSOR_DEFINITIONS = (
					"DEBUG=1",
					"$(inherited)",
				);
				GCC_WARN_64_TO_32_BIT_CONVERSION = YES;
				GCC_WARN_ABOUT_RETURN_TYPE = YES_ERROR;
				GCC_WARN_UNDECLARED_SELECTOR = YES;
				GCC_WARN_UNINITIALIZED_AUTOS = YES_AGGRESSIVE;
				GCC_WARN_UNUSED_FUNCTION = YES;
				GCC_WARN_UNUSED_VARIABLE = YES;
				IPHONEOS_DEPLOYMENT_TARGET = 17.0;
				LOCALIZATION_PREFERS_STRING_CATALOGS = YES;
				MTL_ENABLE_DEBUG_INFO = INCLUDE_SOURCE;
				MTL_FAST_MATH = YES;
				ONLY_ACTIVE_ARCH = YES;
				SDKROOT = iphoneos;
				SWIFT_ACTIVE_COMPILATION_CONDITIONS = "DEBUG $(inherited)";
				SWIFT_OPTIMIZATION_LEVEL = "-Onone";
			};
			name = Debug;
		};
		CF95EAC02B479F9D006D7412 /* Release */ = {
			isa = XCBuildConfiguration;
			buildSettings = {
				ALWAYS_SEARCH_USER_PATHS = NO;
				ASSETCATALOG_COMPILER_GENERATE_SWIFT_ASSET_SYMBOL_EXTENSIONS = YES;
				CLANG_ANALYZER_NONNULL = YES;
				CLANG_ANALYZER_NUMBER_OBJECT_CONVERSION = YES_AGGRESSIVE;
				CLANG_CXX_LANGUAGE_STANDARD = "gnu++20";
				CLANG_ENABLE_MODULES = YES;
				CLANG_ENABLE_OBJC_ARC = YES;
				CLANG_ENABLE_OBJC_WEAK = YES;
				CLANG_WARN_BLOCK_CAPTURE_AUTORELEASING = YES;
				CLANG_WARN_BOOL_CONVERSION = YES;
				CLANG_WARN_COMMA = YES;
				CLANG_WARN_CONSTANT_CONVERSION = YES;
				CLANG_WARN_DEPRECATED_OBJC_IMPLEMENTATIONS = YES;
				CLANG_WARN_DIRECT_OBJC_ISA_USAGE = YES_ERROR;
				CLANG_WARN_DOCUMENTATION_COMMENTS = YES;
				CLANG_WARN_EMPTY_BODY = YES;
				CLANG_WARN_ENUM_CONVERSION = YES;
				CLANG_WARN_INFINITE_RECURSION = YES;
				CLANG_WARN_INT_CONVERSION = YES;
				CLANG_WARN_NON_LITERAL_NULL_CONVERSION = YES;
				CLANG_WARN_OBJC_IMPLICIT_RETAIN_SELF = YES;
				CLANG_WARN_OBJC_LITERAL_CONVERSION = YES;
				CLANG_WARN_OBJC_ROOT_CLASS = YES_ERROR;
				CLANG_WARN_QUOTED_INCLUDE_IN_FRAMEWORK_HEADER = YES;
				CLANG_WARN_RANGE_LOOP_ANALYSIS = YES;
				CLANG_WARN_STRICT_PROTOTYPES = YES;
				CLANG_WARN_SUSPICIOUS_MOVE = YES;
				CLANG_WARN_UNGUARDED_AVAILABILITY = YES_AGGRESSIVE;
				CLANG_WARN_UNREACHABLE_CODE = YES;
				CLANG_WARN__DUPLICATE_METHOD_MATCH = YES;
				COPY_PHASE_STRIP = NO;
				DEBUG_INFORMATION_FORMAT = "dwarf-with-dsym";
				ENABLE_NS_ASSERTIONS = NO;
				ENABLE_STRICT_OBJC_MSGSEND = YES;
				ENABLE_USER_SCRIPT_SANDBOXING = YES;
				GCC_C_LANGUAGE_STANDARD = gnu17;
				GCC_NO_COMMON_BLOCKS = YES;
				GCC_WARN_64_TO_32_BIT_CONVERSION = YES;
				GCC_WARN_ABOUT_RETURN_TYPE = YES_ERROR;
				GCC_WARN_UNDECLARED_SELECTOR = YES;
				GCC_WARN_UNINITIALIZED_AUTOS = YES_AGGRESSIVE;
				GCC_WARN_UNUSED_FUNCTION = YES;
				GCC_WARN_UNUSED_VARIABLE = YES;
				IPHONEOS_DEPLOYMENT_TARGET = 17.0;
				LOCALIZATION_PREFERS_STRING_CATALOGS = YES;
				MTL_ENABLE_DEBUG_INFO = NO;
				MTL_FAST_MATH = YES;
				SDKROOT = iphoneos;
				SWIFT_COMPILATION_MODE = wholemodule;
				VALIDATE_PRODUCT = YES;
			};
			name = Release;
		};
		CF95EAC22B479F9D006D7412 /* Debug */ = {
			isa = XCBuildConfiguration;
			buildSettings = {
				ASSETCATALOG_COMPILER_APPICON_NAME = AppIcon;
				ASSETCATALOG_COMPILER_GLOBAL_ACCENT_COLOR_NAME = AccentColor;
				CODE_SIGN_STYLE = Automatic;
				CURRENT_PROJECT_VERSION = 1;
				DEVELOPMENT_ASSET_PATHS = "\"Certification/Preview Content\"";
				DEVELOPMENT_TEAM = 3Y46Y6N99L;
				ENABLE_PREVIEWS = YES;
				GENERATE_INFOPLIST_FILE = YES;
				INFOPLIST_KEY_UIApplicationSceneManifest_Generation = YES;
				INFOPLIST_KEY_UIApplicationSupportsIndirectInputEvents = YES;
				INFOPLIST_KEY_UILaunchScreen_Generation = YES;
				INFOPLIST_KEY_UISupportedInterfaceOrientations_iPad = "UIInterfaceOrientationPortrait UIInterfaceOrientationPortraitUpsideDown UIInterfaceOrientationLandscapeLeft UIInterfaceOrientationLandscapeRight";
				INFOPLIST_KEY_UISupportedInterfaceOrientations_iPhone = "UIInterfaceOrientationPortrait UIInterfaceOrientationLandscapeLeft UIInterfaceOrientationLandscapeRight";
				LD_RUNPATH_SEARCH_PATHS = (
					"$(inherited)",
					"@executable_path/Frameworks",
				);
				MARKETING_VERSION = 1.0;
				PRODUCT_BUNDLE_IDENTIFIER = com.Certification;
				PRODUCT_NAME = "$(TARGET_NAME)";
				SWIFT_EMIT_LOC_STRINGS = YES;
				SWIFT_VERSION = 5.0;
				TARGETED_DEVICE_FAMILY = "1,2";
			};
			name = Debug;
		};
		CF95EAC32B479F9D006D7412 /* Release */ = {
			isa = XCBuildConfiguration;
			buildSettings = {
				ASSETCATALOG_COMPILER_APPICON_NAME = AppIcon;
				ASSETCATALOG_COMPILER_GLOBAL_ACCENT_COLOR_NAME = AccentColor;
				CODE_SIGN_STYLE = Automatic;
				CURRENT_PROJECT_VERSION = 1;
				DEVELOPMENT_ASSET_PATHS = "\"Certification/Preview Content\"";
				DEVELOPMENT_TEAM = 3Y46Y6N99L;
				ENABLE_PREVIEWS = YES;
				GENERATE_INFOPLIST_FILE = YES;
				INFOPLIST_KEY_UIApplicationSceneManifest_Generation = YES;
				INFOPLIST_KEY_UIApplicationSupportsIndirectInputEvents = YES;
				INFOPLIST_KEY_UILaunchScreen_Generation = YES;
				INFOPLIST_KEY_UISupportedInterfaceOrientations_iPad = "UIInterfaceOrientationPortrait UIInterfaceOrientationPortraitUpsideDown UIInterfaceOrientationLandscapeLeft UIInterfaceOrientationLandscapeRight";
				INFOPLIST_KEY_UISupportedInterfaceOrientations_iPhone = "UIInterfaceOrientationPortrait UIInterfaceOrientationLandscapeLeft UIInterfaceOrientationLandscapeRight";
				LD_RUNPATH_SEARCH_PATHS = (
					"$(inherited)",
					"@executable_path/Frameworks",
				);
				MARKETING_VERSION = 1.0;
				PRODUCT_BUNDLE_IDENTIFIER = com.Certification;
				PRODUCT_NAME = "$(TARGET_NAME)";
				SWIFT_EMIT_LOC_STRINGS = YES;
				SWIFT_VERSION = 5.0;
				TARGETED_DEVICE_FAMILY = "1,2";
			};
			name = Release;
		};
		CF95EAC52B479F9D006D7412 /* Debug */ = {
			isa = XCBuildConfiguration;
			buildSettings = {
				ALWAYS_EMBED_SWIFT_STANDARD_LIBRARIES = YES;
				BUNDLE_LOADER = "$(TEST_HOST)";
				CODE_SIGN_STYLE = Automatic;
				CURRENT_PROJECT_VERSION = 1;
				DEVELOPMENT_TEAM = 3Y46Y6N99L;
				GENERATE_INFOPLIST_FILE = YES;
				IPHONEOS_DEPLOYMENT_TARGET = 17.0;
				MARKETING_VERSION = 1.0;
				PRODUCT_BUNDLE_IDENTIFIER = com.CertificationTests;
				PRODUCT_NAME = "$(TARGET_NAME)";
				SWIFT_EMIT_LOC_STRINGS = NO;
				SWIFT_VERSION = 5.0;
				TARGETED_DEVICE_FAMILY = "1,2";
				TEST_HOST = "$(BUILT_PRODUCTS_DIR)/Certification.app/$(BUNDLE_EXECUTABLE_FOLDER_PATH)/Certification";
			};
			name = Debug;
		};
		CF95EAC62B479F9D006D7412 /* Release */ = {
			isa = XCBuildConfiguration;
			buildSettings = {
				ALWAYS_EMBED_SWIFT_STANDARD_LIBRARIES = YES;
				BUNDLE_LOADER = "$(TEST_HOST)";
				CODE_SIGN_STYLE = Automatic;
				CURRENT_PROJECT_VERSION = 1;
				DEVELOPMENT_TEAM = 3Y46Y6N99L;
				GENERATE_INFOPLIST_FILE = YES;
				IPHONEOS_DEPLOYMENT_TARGET = 17.0;
				MARKETING_VERSION = 1.0;
				PRODUCT_BUNDLE_IDENTIFIER = com.CertificationTests;
				PRODUCT_NAME = "$(TARGET_NAME)";
				SWIFT_EMIT_LOC_STRINGS = NO;
				SWIFT_VERSION = 5.0;
				TARGETED_DEVICE_FAMILY = "1,2";
				TEST_HOST = "$(BUILT_PRODUCTS_DIR)/Certification.app/$(BUNDLE_EXECUTABLE_FOLDER_PATH)/Certification";
			};
			name = Release;
		};
		CF95EAC82B479F9D006D7412 /* Debug */ = {
			isa = XCBuildConfiguration;
			buildSettings = {
				ALWAYS_EMBED_SWIFT_STANDARD_LIBRARIES = YES;
				CODE_SIGN_STYLE = Automatic;
				CURRENT_PROJECT_VERSION = 1;
				DEVELOPMENT_TEAM = 3Y46Y6N99L;
				GENERATE_INFOPLIST_FILE = YES;
				MARKETING_VERSION = 1.0;
				PRODUCT_BUNDLE_IDENTIFIER = com.CertificationUITests;
				PRODUCT_NAME = "$(TARGET_NAME)";
				SWIFT_EMIT_LOC_STRINGS = NO;
				SWIFT_VERSION = 5.0;
				TARGETED_DEVICE_FAMILY = "1,2";
				TEST_TARGET_NAME = Certification;
			};
			name = Debug;
		};
		CF95EAC92B479F9D006D7412 /* Release */ = {
			isa = XCBuildConfiguration;
			buildSettings = {
				ALWAYS_EMBED_SWIFT_STANDARD_LIBRARIES = YES;
				CODE_SIGN_STYLE = Automatic;
				CURRENT_PROJECT_VERSION = 1;
				DEVELOPMENT_TEAM = 3Y46Y6N99L;
				GENERATE_INFOPLIST_FILE = YES;
				MARKETING_VERSION = 1.0;
				PRODUCT_BUNDLE_IDENTIFIER = com.CertificationUITests;
				PRODUCT_NAME = "$(TARGET_NAME)";
				SWIFT_EMIT_LOC_STRINGS = NO;
				SWIFT_VERSION = 5.0;
				TARGETED_DEVICE_FAMILY = "1,2";
				TEST_TARGET_NAME = Certification;
			};
			name = Release;
		};
/* End XCBuildConfiguration section */

/* Begin XCConfigurationList section */
		CF95EA982B479F9C006D7412 /* Build configuration list for PBXProject "Certification" */ = {
			isa = XCConfigurationList;
			buildConfigurations = (
				CF95EABF2B479F9D006D7412 /* Debug */,
				CF95EAC02B479F9D006D7412 /* Release */,
			);
			defaultConfigurationIsVisible = 0;
			defaultConfigurationName = Release;
		};
		CF95EAC12B479F9D006D7412 /* Build configuration list for PBXNativeTarget "Certification" */ = {
			isa = XCConfigurationList;
			buildConfigurations = (
				CF95EAC22B479F9D006D7412 /* Debug */,
				CF95EAC32B479F9D006D7412 /* Release */,
			);
			defaultConfigurationIsVisible = 0;
			defaultConfigurationName = Release;
		};
		CF95EAC42B479F9D006D7412 /* Build configuration list for PBXNativeTarget "CertificationTests" */ = {
			isa = XCConfigurationList;
			buildConfigurations = (
				CF95EAC52B479F9D006D7412 /* Debug */,
				CF95EAC62B479F9D006D7412 /* Release */,
			);
			defaultConfigurationIsVisible = 0;
			defaultConfigurationName = Release;
		};
		CF95EAC72B479F9D006D7412 /* Build configuration list for PBXNativeTarget "CertificationUITests" */ = {
			isa = XCConfigurationList;
			buildConfigurations = (
				CF95EAC82B479F9D006D7412 /* Debug */,
				CF95EAC92B479F9D006D7412 /* Release */,
			);
			defaultConfigurationIsVisible = 0;
			defaultConfigurationName = Release;
		};
/* End XCConfigurationList section */
	};
	rootObject = CF95EA952B479F9C006D7412 /* Project object */;
}
