// !$*UTF8*$!
{
	archiveVersion = 1;
	classes = {
	};
	objectVersion = 56;
	objects = {

/* Begin PBXBuildFile section */
		CF02D7642B47A2710091D144 /* MainView.swift in Sources */ = {isa = PBXBuildFile; fileRef = CF02D7632B47A2710091D144 /* MainView.swift */; };
		CF02D76F2B4835750091D144 /* BookViewModel.swift in Sources */ = {isa = PBXBuildFile; fileRef = CF02D76E2B4835750091D144 /* BookViewModel.swift */; };
		CF02D7712B4835C00091D144 /* Book.swift in Sources */ = {isa = PBXBuildFile; fileRef = CF02D7702B4835C00091D144 /* Book.swift */; };
		CF02D7732B4835C70091D144 /* Loan.swift in Sources */ = {isa = PBXBuildFile; fileRef = CF02D7722B4835C70091D144 /* Loan.swift */; };
		CF02D7762B4835DA0091D144 /* DetailLoan.swift in Sources */ = {isa = PBXBuildFile; fileRef = CF02D7752B4835DA0091D144 /* DetailLoan.swift */; };
		CF02D7782B4835E50091D144 /* Member.swift in Sources */ = {isa = PBXBuildFile; fileRef = CF02D7772B4835E50091D144 /* Member.swift */; };
		CF02D77A2B487B380091D144 /* BookView.swift in Sources */ = {isa = PBXBuildFile; fileRef = CF02D7792B487B380091D144 /* BookView.swift */; };
		CF02D77C2B487B480091D144 /* LoanView.swift in Sources */ = {isa = PBXBuildFile; fileRef = CF02D77B2B487B480091D144 /* LoanView.swift */; };
		CF02D77E2B487C6A0091D144 /* DetailBookView.swift in Sources */ = {isa = PBXBuildFile; fileRef = CF02D77D2B487C6A0091D144 /* DetailBookView.swift */; };
		CF02D7802B487C740091D144 /* AddBookView.swift in Sources */ = {isa = PBXBuildFile; fileRef = CF02D77F2B487C740091D144 /* AddBookView.swift */; };
		CF02D7822B48804D0091D144 /* LoanViewModel.swift in Sources */ = {isa = PBXBuildFile; fileRef = CF02D7812B48804D0091D144 /* LoanViewModel.swift */; };
		CF02D7842B48899E0091D144 /* AddLoanView.swift in Sources */ = {isa = PBXBuildFile; fileRef = CF02D7832B48899E0091D144 /* AddLoanView.swift */; };
		CF02D7862B488CB40091D144 /* ModalHeader.swift in Sources */ = {isa = PBXBuildFile; fileRef = CF02D7852B488CB40091D144 /* ModalHeader.swift */; };
		CF02D7882B4930A50091D144 /* MemberViewModel.swift in Sources */ = {isa = PBXBuildFile; fileRef = CF02D7872B4930A50091D144 /* MemberViewModel.swift */; };
		CF02D78A2B4953D70091D144 /* DetailLoanView.swift in Sources */ = {isa = PBXBuildFile; fileRef = CF02D7892B4953D70091D144 /* DetailLoanView.swift */; };
		CF02D78C2B4959980091D144 /* DetailLoanViewModel.swift in Sources */ = {isa = PBXBuildFile; fileRef = CF02D78B2B4959980091D144 /* DetailLoanViewModel.swift */; };
		CF02D7902B49BF150091D144 /* MemberView.swift in Sources */ = {isa = PBXBuildFile; fileRef = CF02D78F2B49BF150091D144 /* MemberView.swift */; };
		CF02D7922B49BF500091D144 /* DetailMemberView.swift in Sources */ = {isa = PBXBuildFile; fileRef = CF02D7912B49BF500091D144 /* DetailMemberView.swift */; };
		CF02D7942B49C28B0091D144 /* AddMemberView.swift in Sources */ = {isa = PBXBuildFile; fileRef = CF02D7932B49C28B0091D144 /* AddMemberView.swift */; };
		CF35364B2B47A0BD00EF7205 /* CertificationApp.swift in Sources */ = {isa = PBXBuildFile; fileRef = CF35364A2B47A0BD00EF7205 /* CertificationApp.swift */; };
		CF35364D2B47A0BD00EF7205 /* ContentView.swift in Sources */ = {isa = PBXBuildFile; fileRef = CF35364C2B47A0BD00EF7205 /* ContentView.swift */; };
		CF35364F2B47A0BE00EF7205 /* Assets.xcassets in Resources */ = {isa = PBXBuildFile; fileRef = CF35364E2B47A0BE00EF7205 /* Assets.xcassets */; };
		CF3536522B47A0BE00EF7205 /* Preview Assets.xcassets in Resources */ = {isa = PBXBuildFile; fileRef = CF3536512B47A0BE00EF7205 /* Preview Assets.xcassets */; };
		CF35365C2B47A0BE00EF7205 /* CertificationTests.swift in Sources */ = {isa = PBXBuildFile; fileRef = CF35365B2B47A0BE00EF7205 /* CertificationTests.swift */; };
		CF3536662B47A0BE00EF7205 /* CertificationUITests.swift in Sources */ = {isa = PBXBuildFile; fileRef = CF3536652B47A0BE00EF7205 /* CertificationUITests.swift */; };
		CF3536682B47A0BE00EF7205 /* CertificationUITestsLaunchTests.swift in Sources */ = {isa = PBXBuildFile; fileRef = CF3536672B47A0BE00EF7205 /* CertificationUITestsLaunchTests.swift */; };
/* End PBXBuildFile section */

/* Begin PBXContainerItemProxy section */
		CF3536582B47A0BE00EF7205 /* PBXContainerItemProxy */ = {
			isa = PBXContainerItemProxy;
			containerPortal = CF35363F2B47A0BD00EF7205 /* Project object */;
			proxyType = 1;
			remoteGlobalIDString = CF3536462B47A0BD00EF7205;
			remoteInfo = Certification;
		};
		CF3536622B47A0BE00EF7205 /* PBXContainerItemProxy */ = {
			isa = PBXContainerItemProxy;
			containerPortal = CF35363F2B47A0BD00EF7205 /* Project object */;
			proxyType = 1;
			remoteGlobalIDString = CF3536462B47A0BD00EF7205;
			remoteInfo = Certification;
		};
/* End PBXContainerItemProxy section */

/* Begin PBXFileReference section */
		CF02D7632B47A2710091D144 /* MainView.swift */ = {isa = PBXFileReference; lastKnownFileType = sourcecode.swift; path = MainView.swift; sourceTree = "<group>"; };
		CF02D76E2B4835750091D144 /* BookViewModel.swift */ = {isa = PBXFileReference; lastKnownFileType = sourcecode.swift; path = BookViewModel.swift; sourceTree = "<group>"; };
		CF02D7702B4835C00091D144 /* Book.swift */ = {isa = PBXFileReference; lastKnownFileType = sourcecode.swift; path = Book.swift; sourceTree = "<group>"; };
		CF02D7722B4835C70091D144 /* Loan.swift */ = {isa = PBXFileReference; lastKnownFileType = sourcecode.swift; path = Loan.swift; sourceTree = "<group>"; };
		CF02D7752B4835DA0091D144 /* DetailLoan.swift */ = {isa = PBXFileReference; lastKnownFileType = sourcecode.swift; path = DetailLoan.swift; sourceTree = "<group>"; };
		CF02D7772B4835E50091D144 /* Member.swift */ = {isa = PBXFileReference; lastKnownFileType = sourcecode.swift; path = Member.swift; sourceTree = "<group>"; };
		CF02D7792B487B380091D144 /* BookView.swift */ = {isa = PBXFileReference; lastKnownFileType = sourcecode.swift; path = BookView.swift; sourceTree = "<group>"; };
		CF02D77B2B487B480091D144 /* LoanView.swift */ = {isa = PBXFileReference; lastKnownFileType = sourcecode.swift; path = LoanView.swift; sourceTree = "<group>"; };
		CF02D77D2B487C6A0091D144 /* DetailBookView.swift */ = {isa = PBXFileReference; lastKnownFileType = sourcecode.swift; path = DetailBookView.swift; sourceTree = "<group>"; };
		CF02D77F2B487C740091D144 /* AddBookView.swift */ = {isa = PBXFileReference; lastKnownFileType = sourcecode.swift; path = AddBookView.swift; sourceTree = "<group>"; };
		CF02D7812B48804D0091D144 /* LoanViewModel.swift */ = {isa = PBXFileReference; lastKnownFileType = sourcecode.swift; path = LoanViewModel.swift; sourceTree = "<group>"; };
		CF02D7832B48899E0091D144 /* AddLoanView.swift */ = {isa = PBXFileReference; lastKnownFileType = sourcecode.swift; path = AddLoanView.swift; sourceTree = "<group>"; };
		CF02D7852B488CB40091D144 /* ModalHeader.swift */ = {isa = PBXFileReference; lastKnownFileType = sourcecode.swift; path = ModalHeader.swift; sourceTree = "<group>"; };
		CF02D7872B4930A50091D144 /* MemberViewModel.swift */ = {isa = PBXFileReference; lastKnownFileType = sourcecode.swift; path = MemberViewModel.swift; sourceTree = "<group>"; };
		CF02D7892B4953D70091D144 /* DetailLoanView.swift */ = {isa = PBXFileReference; lastKnownFileType = sourcecode.swift; path = DetailLoanView.swift; sourceTree = "<group>"; };
		CF02D78B2B4959980091D144 /* DetailLoanViewModel.swift */ = {isa = PBXFileReference; lastKnownFileType = sourcecode.swift; path = DetailLoanViewModel.swift; sourceTree = "<group>"; };
		CF02D78F2B49BF150091D144 /* MemberView.swift */ = {isa = PBXFileReference; lastKnownFileType = sourcecode.swift; path = MemberView.swift; sourceTree = "<group>"; };
		CF02D7912B49BF500091D144 /* DetailMemberView.swift */ = {isa = PBXFileReference; lastKnownFileType = sourcecode.swift; path = DetailMemberView.swift; sourceTree = "<group>"; };
		CF02D7932B49C28B0091D144 /* AddMemberView.swift */ = {isa = PBXFileReference; lastKnownFileType = sourcecode.swift; path = AddMemberView.swift; sourceTree = "<group>"; };
		CF3536472B47A0BD00EF7205 /* Certification.app */ = {isa = PBXFileReference; explicitFileType = wrapper.application; includeInIndex = 0; path = Certification.app; sourceTree = BUILT_PRODUCTS_DIR; };
		CF35364A2B47A0BD00EF7205 /* CertificationApp.swift */ = {isa = PBXFileReference; lastKnownFileType = sourcecode.swift; path = CertificationApp.swift; sourceTree = "<group>"; };
		CF35364C2B47A0BD00EF7205 /* ContentView.swift */ = {isa = PBXFileReference; lastKnownFileType = sourcecode.swift; path = ContentView.swift; sourceTree = "<group>"; };
		CF35364E2B47A0BE00EF7205 /* Assets.xcassets */ = {isa = PBXFileReference; lastKnownFileType = folder.assetcatalog; path = Assets.xcassets; sourceTree = "<group>"; };
		CF3536512B47A0BE00EF7205 /* Preview Assets.xcassets */ = {isa = PBXFileReference; lastKnownFileType = folder.assetcatalog; path = "Preview Assets.xcassets"; sourceTree = "<group>"; };
		CF3536572B47A0BE00EF7205 /* CertificationTests.xctest */ = {isa = PBXFileReference; explicitFileType = wrapper.cfbundle; includeInIndex = 0; path = CertificationTests.xctest; sourceTree = BUILT_PRODUCTS_DIR; };
		CF35365B2B47A0BE00EF7205 /* CertificationTests.swift */ = {isa = PBXFileReference; lastKnownFileType = sourcecode.swift; path = CertificationTests.swift; sourceTree = "<group>"; };
		CF3536612B47A0BE00EF7205 /* CertificationUITests.xctest */ = {isa = PBXFileReference; explicitFileType = wrapper.cfbundle; includeInIndex = 0; path = CertificationUITests.xctest; sourceTree = BUILT_PRODUCTS_DIR; };
		CF3536652B47A0BE00EF7205 /* CertificationUITests.swift */ = {isa = PBXFileReference; lastKnownFileType = sourcecode.swift; path = CertificationUITests.swift; sourceTree = "<group>"; };
		CF3536672B47A0BE00EF7205 /* CertificationUITestsLaunchTests.swift */ = {isa = PBXFileReference; lastKnownFileType = sourcecode.swift; path = CertificationUITestsLaunchTests.swift; sourceTree = "<group>"; };
/* End PBXFileReference section */

/* Begin PBXFrameworksBuildPhase section */
		CF3536442B47A0BD00EF7205 /* Frameworks */ = {
			isa = PBXFrameworksBuildPhase;
			buildActionMask = 2147483647;
			files = (
			);
			runOnlyForDeploymentPostprocessing = 0;
		};
		CF3536542B47A0BE00EF7205 /* Frameworks */ = {
			isa = PBXFrameworksBuildPhase;
			buildActionMask = 2147483647;
			files = (
			);
			runOnlyForDeploymentPostprocessing = 0;
		};
		CF35365E2B47A0BE00EF7205 /* Frameworks */ = {
			isa = PBXFrameworksBuildPhase;
			buildActionMask = 2147483647;
			files = (
			);
			runOnlyForDeploymentPostprocessing = 0;
		};
/* End PBXFrameworksBuildPhase section */

/* Begin PBXGroup section */
		CF02D7602B47A1300091D144 /* View */ = {
			isa = PBXGroup;
			children = (
				CF02D7632B47A2710091D144 /* MainView.swift */,
				CF02D7792B487B380091D144 /* BookView.swift */,
				CF02D77B2B487B480091D144 /* LoanView.swift */,
				CF02D77D2B487C6A0091D144 /* DetailBookView.swift */,
				CF02D77F2B487C740091D144 /* AddBookView.swift */,
				CF02D7832B48899E0091D144 /* AddLoanView.swift */,
				CF02D7892B4953D70091D144 /* DetailLoanView.swift */,
				CF02D78F2B49BF150091D144 /* MemberView.swift */,
				CF02D7912B49BF500091D144 /* DetailMemberView.swift */,
				CF02D7932B49C28B0091D144 /* AddMemberView.swift */,
			);
			path = View;
			sourceTree = "<group>";
		};
		CF02D7612B47A1420091D144 /* Model */ = {
			isa = PBXGroup;
			children = (
				CF02D7702B4835C00091D144 /* Book.swift */,
				CF02D7722B4835C70091D144 /* Loan.swift */,
				CF02D7752B4835DA0091D144 /* DetailLoan.swift */,
				CF02D7772B4835E50091D144 /* Member.swift */,
			);
			path = Model;
			sourceTree = "<group>";
		};
		CF02D7622B47A1480091D144 /* ViewModel */ = {
			isa = PBXGroup;
			children = (
				CF02D76E2B4835750091D144 /* BookViewModel.swift */,
				CF02D7812B48804D0091D144 /* LoanViewModel.swift */,
				CF02D7872B4930A50091D144 /* MemberViewModel.swift */,
				CF02D78B2B4959980091D144 /* DetailLoanViewModel.swift */,
			);
			path = ViewModel;
			sourceTree = "<group>";
		};
		CF35363E2B47A0BD00EF7205 = {
			isa = PBXGroup;
			children = (
				CF02D7852B488CB40091D144 /* ModalHeader.swift */,
				CF02D7622B47A1480091D144 /* ViewModel */,
				CF02D7612B47A1420091D144 /* Model */,
				CF02D7602B47A1300091D144 /* View */,
				CF3536492B47A0BD00EF7205 /* Certification */,
				CF35365A2B47A0BE00EF7205 /* CertificationTests */,
				CF3536642B47A0BE00EF7205 /* CertificationUITests */,
				CF3536482B47A0BD00EF7205 /* Products */,
			);
			sourceTree = "<group>";
		};
		CF3536482B47A0BD00EF7205 /* Products */ = {
			isa = PBXGroup;
			children = (
				CF3536472B47A0BD00EF7205 /* Certification.app */,
				CF3536572B47A0BE00EF7205 /* CertificationTests.xctest */,
				CF3536612B47A0BE00EF7205 /* CertificationUITests.xctest */,
			);
			name = Products;
			sourceTree = "<group>";
		};
		CF3536492B47A0BD00EF7205 /* Certification */ = {
			isa = PBXGroup;
			children = (
				CF35364A2B47A0BD00EF7205 /* CertificationApp.swift */,
				CF35364C2B47A0BD00EF7205 /* ContentView.swift */,
				CF35364E2B47A0BE00EF7205 /* Assets.xcassets */,
				CF3536502B47A0BE00EF7205 /* Preview Content */,
			);
			path = Certification;
			sourceTree = "<group>";
		};
		CF3536502B47A0BE00EF7205 /* Preview Content */ = {
			isa = PBXGroup;
			children = (
				CF3536512B47A0BE00EF7205 /* Preview Assets.xcassets */,
			);
			path = "Preview Content";
			sourceTree = "<group>";
		};
		CF35365A2B47A0BE00EF7205 /* CertificationTests */ = {
			isa = PBXGroup;
			children = (
				CF35365B2B47A0BE00EF7205 /* CertificationTests.swift */,
			);
			path = CertificationTests;
			sourceTree = "<group>";
		};
		CF3536642B47A0BE00EF7205 /* CertificationUITests */ = {
			isa = PBXGroup;
			children = (
				CF3536652B47A0BE00EF7205 /* CertificationUITests.swift */,
				CF3536672B47A0BE00EF7205 /* CertificationUITestsLaunchTests.swift */,
			);
			path = CertificationUITests;
			sourceTree = "<group>";
		};
/* End PBXGroup section */

/* Begin PBXNativeTarget section */
		CF3536462B47A0BD00EF7205 /* Certification */ = {
			isa = PBXNativeTarget;
			buildConfigurationList = CF35366B2B47A0BE00EF7205 /* Build configuration list for PBXNativeTarget "Certification" */;
			buildPhases = (
				CF3536432B47A0BD00EF7205 /* Sources */,
				CF3536442B47A0BD00EF7205 /* Frameworks */,
				CF3536452B47A0BD00EF7205 /* Resources */,
			);
			buildRules = (
			);
			dependencies = (
			);
			name = Certification;
			productName = Certification;
			productReference = CF3536472B47A0BD00EF7205 /* Certification.app */;
			productType = "com.apple.product-type.application";
		};
		CF3536562B47A0BE00EF7205 /* CertificationTests */ = {
			isa = PBXNativeTarget;
			buildConfigurationList = CF35366E2B47A0BE00EF7205 /* Build configuration list for PBXNativeTarget "CertificationTests" */;
			buildPhases = (
				CF3536532B47A0BE00EF7205 /* Sources */,
				CF3536542B47A0BE00EF7205 /* Frameworks */,
				CF3536552B47A0BE00EF7205 /* Resources */,
			);
			buildRules = (
			);
			dependencies = (
				CF3536592B47A0BE00EF7205 /* PBXTargetDependency */,
			);
			name = CertificationTests;
			productName = CertificationTests;
			productReference = CF3536572B47A0BE00EF7205 /* CertificationTests.xctest */;
			productType = "com.apple.product-type.bundle.unit-test";
		};
		CF3536602B47A0BE00EF7205 /* CertificationUITests */ = {
			isa = PBXNativeTarget;
			buildConfigurationList = CF3536712B47A0BE00EF7205 /* Build configuration list for PBXNativeTarget "CertificationUITests" */;
			buildPhases = (
				CF35365D2B47A0BE00EF7205 /* Sources */,
				CF35365E2B47A0BE00EF7205 /* Frameworks */,
				CF35365F2B47A0BE00EF7205 /* Resources */,
			);
			buildRules = (
			);
			dependencies = (
				CF3536632B47A0BE00EF7205 /* PBXTargetDependency */,
			);
			name = CertificationUITests;
			productName = CertificationUITests;
			productReference = CF3536612B47A0BE00EF7205 /* CertificationUITests.xctest */;
			productType = "com.apple.product-type.bundle.ui-testing";
		};
/* End PBXNativeTarget section */

/* Begin PBXProject section */
		CF35363F2B47A0BD00EF7205 /* Project object */ = {
			isa = PBXProject;
			attributes = {
				BuildIndependentTargetsInParallel = 1;
				LastSwiftUpdateCheck = 1500;
				LastUpgradeCheck = 1500;
				TargetAttributes = {
					CF3536462B47A0BD00EF7205 = {
						CreatedOnToolsVersion = 15.0.1;
					};
					CF3536562B47A0BE00EF7205 = {
						CreatedOnToolsVersion = 15.0.1;
						TestTargetID = CF3536462B47A0BD00EF7205;
					};
					CF3536602B47A0BE00EF7205 = {
						CreatedOnToolsVersion = 15.0.1;
						TestTargetID = CF3536462B47A0BD00EF7205;
					};
				};
			};
			buildConfigurationList = CF3536422B47A0BD00EF7205 /* Build configuration list for PBXProject "Certification" */;
			compatibilityVersion = "Xcode 14.0";
			developmentRegion = en;
			hasScannedForEncodings = 0;
			knownRegions = (
				en,
				Base,
			);
			mainGroup = CF35363E2B47A0BD00EF7205;
			productRefGroup = CF3536482B47A0BD00EF7205 /* Products */;
			projectDirPath = "";
			projectRoot = "";
			targets = (
				CF3536462B47A0BD00EF7205 /* Certification */,
				CF3536562B47A0BE00EF7205 /* CertificationTests */,
				CF3536602B47A0BE00EF7205 /* CertificationUITests */,
			);
		};
/* End PBXProject section */

/* Begin PBXResourcesBuildPhase section */
		CF3536452B47A0BD00EF7205 /* Resources */ = {
			isa = PBXResourcesBuildPhase;
			buildActionMask = 2147483647;
			files = (
				CF3536522B47A0BE00EF7205 /* Preview Assets.xcassets in Resources */,
				CF35364F2B47A0BE00EF7205 /* Assets.xcassets in Resources */,
			);
			runOnlyForDeploymentPostprocessing = 0;
		};
		CF3536552B47A0BE00EF7205 /* Resources */ = {
			isa = PBXResourcesBuildPhase;
			buildActionMask = 2147483647;
			files = (
			);
			runOnlyForDeploymentPostprocessing = 0;
		};
		CF35365F2B47A0BE00EF7205 /* Resources */ = {
			isa = PBXResourcesBuildPhase;
			buildActionMask = 2147483647;
			files = (
			);
			runOnlyForDeploymentPostprocessing = 0;
		};
/* End PBXResourcesBuildPhase section */

/* Begin PBXSourcesBuildPhase section */
		CF3536432B47A0BD00EF7205 /* Sources */ = {
			isa = PBXSourcesBuildPhase;
			buildActionMask = 2147483647;
			files = (
				CF02D77A2B487B380091D144 /* BookView.swift in Sources */,
				CF35364D2B47A0BD00EF7205 /* ContentView.swift in Sources */,
				CF02D7732B4835C70091D144 /* Loan.swift in Sources */,
				CF02D76F2B4835750091D144 /* BookViewModel.swift in Sources */,
				CF02D78A2B4953D70091D144 /* DetailLoanView.swift in Sources */,
				CF02D7882B4930A50091D144 /* MemberViewModel.swift in Sources */,
				CF02D77C2B487B480091D144 /* LoanView.swift in Sources */,
				CF02D7922B49BF500091D144 /* DetailMemberView.swift in Sources */,
				CF02D7862B488CB40091D144 /* ModalHeader.swift in Sources */,
				CF02D7642B47A2710091D144 /* MainView.swift in Sources */,
				CF02D7712B4835C00091D144 /* Book.swift in Sources */,
				CF02D7802B487C740091D144 /* AddBookView.swift in Sources */,
				CF02D78C2B4959980091D144 /* DetailLoanViewModel.swift in Sources */,
				CF02D7762B4835DA0091D144 /* DetailLoan.swift in Sources */,
				CF35364B2B47A0BD00EF7205 /* CertificationApp.swift in Sources */,
				CF02D7942B49C28B0091D144 /* AddMemberView.swift in Sources */,
				CF02D7842B48899E0091D144 /* AddLoanView.swift in Sources */,
				CF02D7782B4835E50091D144 /* Member.swift in Sources */,
				CF02D77E2B487C6A0091D144 /* DetailBookView.swift in Sources */,
				CF02D7822B48804D0091D144 /* LoanViewModel.swift in Sources */,
				CF02D7902B49BF150091D144 /* MemberView.swift in Sources */,
			);
			runOnlyForDeploymentPostprocessing = 0;
		};
		CF3536532B47A0BE00EF7205 /* Sources */ = {
			isa = PBXSourcesBuildPhase;
			buildActionMask = 2147483647;
			files = (
				CF35365C2B47A0BE00EF7205 /* CertificationTests.swift in Sources */,
			);
			runOnlyForDeploymentPostprocessing = 0;
		};
		CF35365D2B47A0BE00EF7205 /* Sources */ = {
			isa = PBXSourcesBuildPhase;
			buildActionMask = 2147483647;
			files = (
				CF3536662B47A0BE00EF7205 /* CertificationUITests.swift in Sources */,
				CF3536682B47A0BE00EF7205 /* CertificationUITestsLaunchTests.swift in Sources */,
			);
			runOnlyForDeploymentPostprocessing = 0;
		};
/* End PBXSourcesBuildPhase section */

/* Begin PBXTargetDependency section */
		CF3536592B47A0BE00EF7205 /* PBXTargetDependency */ = {
			isa = PBXTargetDependency;
			target = CF3536462B47A0BD00EF7205 /* Certification */;
			targetProxy = CF3536582B47A0BE00EF7205 /* PBXContainerItemProxy */;
		};
		CF3536632B47A0BE00EF7205 /* PBXTargetDependency */ = {
			isa = PBXTargetDependency;
			target = CF3536462B47A0BD00EF7205 /* Certification */;
			targetProxy = CF3536622B47A0BE00EF7205 /* PBXContainerItemProxy */;
		};
/* End PBXTargetDependency section */

/* Begin XCBuildConfiguration section */
		CF3536692B47A0BE00EF7205 /* Debug */ = {
			isa = XCBuildConfiguration;
			buildSettings = {
				ALWAYS_SEARCH_USER_PATHS = NO;
				ASSETCATALOG_COMPILER_GENERATE_SWIFT_ASSET_SYMBOL_EXTENSIONS = YES;
				CLANG_ANALYZER_NONNULL = YES;
				CLANG_ANALYZER_NUMBER_OBJECT_CONVERSION = YES_AGGRESSIVE;
				CLANG_CXX_LANGUAGE_STANDARD = "gnu++20";
				CLANG_ENABLE_MODULES = YES;
				CLANG_ENABLE_OBJC_ARC = YES;
				CLANG_ENABLE_OBJC_WEAK = YES;
				CLANG_WARN_BLOCK_CAPTURE_AUTORELEASING = YES;
				CLANG_WARN_BOOL_CONVERSION = YES;
				CLANG_WARN_COMMA = YES;
				CLANG_WARN_CONSTANT_CONVERSION = YES;
				CLANG_WARN_DEPRECATED_OBJC_IMPLEMENTATIONS = YES;
				CLANG_WARN_DIRECT_OBJC_ISA_USAGE = YES_ERROR;
				CLANG_WARN_DOCUMENTATION_COMMENTS = YES;
				CLANG_WARN_EMPTY_BODY = YES;
				CLANG_WARN_ENUM_CONVERSION = YES;
				CLANG_WARN_INFINITE_RECURSION = YES;
				CLANG_WARN_INT_CONVERSION = YES;
				CLANG_WARN_NON_LITERAL_NULL_CONVERSION = YES;
				CLANG_WARN_OBJC_IMPLICIT_RETAIN_SELF = YES;
				CLANG_WARN_OBJC_LITERAL_CONVERSION = YES;
				CLANG_WARN_OBJC_ROOT_CLASS = YES_ERROR;
				CLANG_WARN_QUOTED_INCLUDE_IN_FRAMEWORK_HEADER = YES;
				CLANG_WARN_RANGE_LOOP_ANALYSIS = YES;
				CLANG_WARN_STRICT_PROTOTYPES = YES;
				CLANG_WARN_SUSPICIOUS_MOVE = YES;
				CLANG_WARN_UNGUARDED_AVAILABILITY = YES_AGGRESSIVE;
				CLANG_WARN_UNREACHABLE_CODE = YES;
				CLANG_WARN__DUPLICATE_METHOD_MATCH = YES;
				COPY_PHASE_STRIP = NO;
				DEBUG_INFORMATION_FORMAT = dwarf;
				ENABLE_STRICT_OBJC_MSGSEND = YES;
				ENABLE_TESTABILITY = YES;
				ENABLE_USER_SCRIPT_SANDBOXING = YES;
				GCC_C_LANGUAGE_STANDARD = gnu17;
				GCC_DYNAMIC_NO_PIC = NO;
				GCC_NO_COMMON_BLOCKS = YES;
				GCC_OPTIMIZATION_LEVEL = 0;
				GCC_PREPROCESSOR_DEFINITIONS = (
					"DEBUG=1",
					"$(inherited)",
				);
				GCC_WARN_64_TO_32_BIT_CONVERSION = YES;
				GCC_WARN_ABOUT_RETURN_TYPE = YES_ERROR;
				GCC_WARN_UNDECLARED_SELECTOR = YES;
				GCC_WARN_UNINITIALIZED_AUTOS = YES_AGGRESSIVE;
				GCC_WARN_UNUSED_FUNCTION = YES;
				GCC_WARN_UNUSED_VARIABLE = YES;
				IPHONEOS_DEPLOYMENT_TARGET = 17.0;
				LOCALIZATION_PREFERS_STRING_CATALOGS = YES;
				MTL_ENABLE_DEBUG_INFO = INCLUDE_SOURCE;
				MTL_FAST_MATH = YES;
				ONLY_ACTIVE_ARCH = YES;
				SDKROOT = iphoneos;
				SWIFT_ACTIVE_COMPILATION_CONDITIONS = "DEBUG $(inherited)";
				SWIFT_OPTIMIZATION_LEVEL = "-Onone";
			};
			name = Debug;
		};
		CF35366A2B47A0BE00EF7205 /* Release */ = {
			isa = XCBuildConfiguration;
			buildSettings = {
				ALWAYS_SEARCH_USER_PATHS = NO;
				ASSETCATALOG_COMPILER_GENERATE_SWIFT_ASSET_SYMBOL_EXTENSIONS = YES;
				CLANG_ANALYZER_NONNULL = YES;
				CLANG_ANALYZER_NUMBER_OBJECT_CONVERSION = YES_AGGRESSIVE;
				CLANG_CXX_LANGUAGE_STANDARD = "gnu++20";
				CLANG_ENABLE_MODULES = YES;
				CLANG_ENABLE_OBJC_ARC = YES;
				CLANG_ENABLE_OBJC_WEAK = YES;
				CLANG_WARN_BLOCK_CAPTURE_AUTORELEASING = YES;
				CLANG_WARN_BOOL_CONVERSION = YES;
				CLANG_WARN_COMMA = YES;
				CLANG_WARN_CONSTANT_CONVERSION = YES;
				CLANG_WARN_DEPRECATED_OBJC_IMPLEMENTATIONS = YES;
				CLANG_WARN_DIRECT_OBJC_ISA_USAGE = YES_ERROR;
				CLANG_WARN_DOCUMENTATION_COMMENTS = YES;
				CLANG_WARN_EMPTY_BODY = YES;
				CLANG_WARN_ENUM_CONVERSION = YES;
				CLANG_WARN_INFINITE_RECURSION = YES;
				CLANG_WARN_INT_CONVERSION = YES;
				CLANG_WARN_NON_LITERAL_NULL_CONVERSION = YES;
				CLANG_WARN_OBJC_IMPLICIT_RETAIN_SELF = YES;
				CLANG_WARN_OBJC_LITERAL_CONVERSION = YES;
				CLANG_WARN_OBJC_ROOT_CLASS = YES_ERROR;
				CLANG_WARN_QUOTED_INCLUDE_IN_FRAMEWORK_HEADER = YES;
				CLANG_WARN_RANGE_LOOP_ANALYSIS = YES;
				CLANG_WARN_STRICT_PROTOTYPES = YES;
				CLANG_WARN_SUSPICIOUS_MOVE = YES;
				CLANG_WARN_UNGUARDED_AVAILABILITY = YES_AGGRESSIVE;
				CLANG_WARN_UNREACHABLE_CODE = YES;
				CLANG_WARN__DUPLICATE_METHOD_MATCH = YES;
				COPY_PHASE_STRIP = NO;
				DEBUG_INFORMATION_FORMAT = "dwarf-with-dsym";
				ENABLE_NS_ASSERTIONS = NO;
				ENABLE_STRICT_OBJC_MSGSEND = YES;
				ENABLE_USER_SCRIPT_SANDBOXING = YES;
				GCC_C_LANGUAGE_STANDARD = gnu17;
				GCC_NO_COMMON_BLOCKS = YES;
				GCC_WARN_64_TO_32_BIT_CONVERSION = YES;
				GCC_WARN_ABOUT_RETURN_TYPE = YES_ERROR;
				GCC_WARN_UNDECLARED_SELECTOR = YES;
				GCC_WARN_UNINITIALIZED_AUTOS = YES_AGGRESSIVE;
				GCC_WARN_UNUSED_FUNCTION = YES;
				GCC_WARN_UNUSED_VARIABLE = YES;
				IPHONEOS_DEPLOYMENT_TARGET = 17.0;
				LOCALIZATION_PREFERS_STRING_CATALOGS = YES;
				MTL_ENABLE_DEBUG_INFO = NO;
				MTL_FAST_MATH = YES;
				SDKROOT = iphoneos;
				SWIFT_COMPILATION_MODE = wholemodule;
				VALIDATE_PRODUCT = YES;
			};
			name = Release;
		};
		CF35366C2B47A0BE00EF7205 /* Debug */ = {
			isa = XCBuildConfiguration;
			buildSettings = {
				ASSETCATALOG_COMPILER_APPICON_NAME = AppIcon;
				ASSETCATALOG_COMPILER_GLOBAL_ACCENT_COLOR_NAME = AccentColor;
				CODE_SIGN_STYLE = Automatic;
				CURRENT_PROJECT_VERSION = 1;
				DEVELOPMENT_ASSET_PATHS = "\"Certification/Preview Content\"";
				DEVELOPMENT_TEAM = 3Y46Y6N99L;
				ENABLE_PREVIEWS = YES;
				GENERATE_INFOPLIST_FILE = YES;
				INFOPLIST_KEY_UIApplicationSceneManifest_Generation = YES;
				INFOPLIST_KEY_UIApplicationSupportsIndirectInputEvents = YES;
				INFOPLIST_KEY_UILaunchScreen_Generation = YES;
				INFOPLIST_KEY_UISupportedInterfaceOrientations_iPad = "UIInterfaceOrientationPortrait UIInterfaceOrientationPortraitUpsideDown UIInterfaceOrientationLandscapeLeft UIInterfaceOrientationLandscapeRight";
				INFOPLIST_KEY_UISupportedInterfaceOrientations_iPhone = "UIInterfaceOrientationPortrait UIInterfaceOrientationLandscapeLeft UIInterfaceOrientationLandscapeRight";
				LD_RUNPATH_SEARCH_PATHS = (
					"$(inherited)",
					"@executable_path/Frameworks",
				);
				MARKETING_VERSION = 1.0;
				PRODUCT_BUNDLE_IDENTIFIER = com.Certification;
				PRODUCT_NAME = "$(TARGET_NAME)";
				SWIFT_EMIT_LOC_STRINGS = YES;
				SWIFT_VERSION = 5.0;
				TARGETED_DEVICE_FAMILY = "1,2";
			};
			name = Debug;
		};
		CF35366D2B47A0BE00EF7205 /* Release */ = {
			isa = XCBuildConfiguration;
			buildSettings = {
				ASSETCATALOG_COMPILER_APPICON_NAME = AppIcon;
				ASSETCATALOG_COMPILER_GLOBAL_ACCENT_COLOR_NAME = AccentColor;
				CODE_SIGN_STYLE = Automatic;
				CURRENT_PROJECT_VERSION = 1;
				DEVELOPMENT_ASSET_PATHS = "\"Certification/Preview Content\"";
				DEVELOPMENT_TEAM = 3Y46Y6N99L;
				ENABLE_PREVIEWS = YES;
				GENERATE_INFOPLIST_FILE = YES;
				INFOPLIST_KEY_UIApplicationSceneManifest_Generation = YES;
				INFOPLIST_KEY_UIApplicationSupportsIndirectInputEvents = YES;
				INFOPLIST_KEY_UILaunchScreen_Generation = YES;
				INFOPLIST_KEY_UISupportedInterfaceOrientations_iPad = "UIInterfaceOrientationPortrait UIInterfaceOrientationPortraitUpsideDown UIInterfaceOrientationLandscapeLeft UIInterfaceOrientationLandscapeRight";
				INFOPLIST_KEY_UISupportedInterfaceOrientations_iPhone = "UIInterfaceOrientationPortrait UIInterfaceOrientationLandscapeLeft UIInterfaceOrientationLandscapeRight";
				LD_RUNPATH_SEARCH_PATHS = (
					"$(inherited)",
					"@executable_path/Frameworks",
				);
				MARKETING_VERSION = 1.0;
				PRODUCT_BUNDLE_IDENTIFIER = com.Certification;
				PRODUCT_NAME = "$(TARGET_NAME)";
				SWIFT_EMIT_LOC_STRINGS = YES;
				SWIFT_VERSION = 5.0;
				TARGETED_DEVICE_FAMILY = "1,2";
			};
			name = Release;
		};
		CF35366F2B47A0BE00EF7205 /* Debug */ = {
			isa = XCBuildConfiguration;
			buildSettings = {
				ALWAYS_EMBED_SWIFT_STANDARD_LIBRARIES = YES;
				BUNDLE_LOADER = "$(TEST_HOST)";
				CODE_SIGN_STYLE = Automatic;
				CURRENT_PROJECT_VERSION = 1;
				DEVELOPMENT_TEAM = 3Y46Y6N99L;
				GENERATE_INFOPLIST_FILE = YES;
				IPHONEOS_DEPLOYMENT_TARGET = 17.0;
				MARKETING_VERSION = 1.0;
				PRODUCT_BUNDLE_IDENTIFIER = com.CertificationTests;
				PRODUCT_NAME = "$(TARGET_NAME)";
				SWIFT_EMIT_LOC_STRINGS = NO;
				SWIFT_VERSION = 5.0;
				TARGETED_DEVICE_FAMILY = "1,2";
				TEST_HOST = "$(BUILT_PRODUCTS_DIR)/Certification.app/$(BUNDLE_EXECUTABLE_FOLDER_PATH)/Certification";
			};
			name = Debug;
		};
		CF3536702B47A0BE00EF7205 /* Release */ = {
			isa = XCBuildConfiguration;
			buildSettings = {
				ALWAYS_EMBED_SWIFT_STANDARD_LIBRARIES = YES;
				BUNDLE_LOADER = "$(TEST_HOST)";
				CODE_SIGN_STYLE = Automatic;
				CURRENT_PROJECT_VERSION = 1;
				DEVELOPMENT_TEAM = 3Y46Y6N99L;
				GENERATE_INFOPLIST_FILE = YES;
				IPHONEOS_DEPLOYMENT_TARGET = 17.0;
				MARKETING_VERSION = 1.0;
				PRODUCT_BUNDLE_IDENTIFIER = com.CertificationTests;
				PRODUCT_NAME = "$(TARGET_NAME)";
				SWIFT_EMIT_LOC_STRINGS = NO;
				SWIFT_VERSION = 5.0;
				TARGETED_DEVICE_FAMILY = "1,2";
				TEST_HOST = "$(BUILT_PRODUCTS_DIR)/Certification.app/$(BUNDLE_EXECUTABLE_FOLDER_PATH)/Certification";
			};
			name = Release;
		};
		CF3536722B47A0BE00EF7205 /* Debug */ = {
			isa = XCBuildConfiguration;
			buildSettings = {
				ALWAYS_EMBED_SWIFT_STANDARD_LIBRARIES = YES;
				CODE_SIGN_STYLE = Automatic;
				CURRENT_PROJECT_VERSION = 1;
				DEVELOPMENT_TEAM = 3Y46Y6N99L;
				GENERATE_INFOPLIST_FILE = YES;
				MARKETING_VERSION = 1.0;
				PRODUCT_BUNDLE_IDENTIFIER = com.CertificationUITests;
				PRODUCT_NAME = "$(TARGET_NAME)";
				SWIFT_EMIT_LOC_STRINGS = NO;
				SWIFT_VERSION = 5.0;
				TARGETED_DEVICE_FAMILY = "1,2";
				TEST_TARGET_NAME = Certification;
			};
			name = Debug;
		};
		CF3536732B47A0BE00EF7205 /* Release */ = {
			isa = XCBuildConfiguration;
			buildSettings = {
				ALWAYS_EMBED_SWIFT_STANDARD_LIBRARIES = YES;
				CODE_SIGN_STYLE = Automatic;
				CURRENT_PROJECT_VERSION = 1;
				DEVELOPMENT_TEAM = 3Y46Y6N99L;
				GENERATE_INFOPLIST_FILE = YES;
				MARKETING_VERSION = 1.0;
				PRODUCT_BUNDLE_IDENTIFIER = com.CertificationUITests;
				PRODUCT_NAME = "$(TARGET_NAME)";
				SWIFT_EMIT_LOC_STRINGS = NO;
				SWIFT_VERSION = 5.0;
				TARGETED_DEVICE_FAMILY = "1,2";
				TEST_TARGET_NAME = Certification;
			};
			name = Release;
		};
/* End XCBuildConfiguration section */

/* Begin XCConfigurationList section */
		CF3536422B47A0BD00EF7205 /* Build configuration list for PBXProject "Certification" */ = {
			isa = XCConfigurationList;
			buildConfigurations = (
				CF3536692B47A0BE00EF7205 /* Debug */,
				CF35366A2B47A0BE00EF7205 /* Release */,
			);
			defaultConfigurationIsVisible = 0;
			defaultConfigurationName = Release;
		};
		CF35366B2B47A0BE00EF7205 /* Build configuration list for PBXNativeTarget "Certification" */ = {
			isa = XCConfigurationList;
			buildConfigurations = (
				CF35366C2B47A0BE00EF7205 /* Debug */,
				CF35366D2B47A0BE00EF7205 /* Release */,
			);
			defaultConfigurationIsVisible = 0;
			defaultConfigurationName = Release;
		};
		CF35366E2B47A0BE00EF7205 /* Build configuration list for PBXNativeTarget "CertificationTests" */ = {
			isa = XCConfigurationList;
			buildConfigurations = (
				CF35366F2B47A0BE00EF7205 /* Debug */,
				CF3536702B47A0BE00EF7205 /* Release */,
			);
			defaultConfigurationIsVisible = 0;
			defaultConfigurationName = Release;
		};
		CF3536712B47A0BE00EF7205 /* Build configuration list for PBXNativeTarget "CertificationUITests" */ = {
			isa = XCConfigurationList;
			buildConfigurations = (
				CF3536722B47A0BE00EF7205 /* Debug */,
				CF3536732B47A0BE00EF7205 /* Release */,
			);
			defaultConfigurationIsVisible = 0;
			defaultConfigurationName = Release;
		};
/* End XCConfigurationList section */
	};
	rootObject = CF35363F2B47A0BD00EF7205 /* Project object */;
}
